PODS:
  - Flutter (1.0.0)
  - ObjectBox (5.0.0)
  - objectbox_flutter_libs (0.0.1):
    - Flutter
    - ObjectBox (= 5.0.0)

DEPENDENCIES:
  - Flutter (from `Flutter`)
  - objectbox_flutter_libs (from `.symlinks/plugins/objectbox_flutter_libs/ios`)

SPEC REPOS:
  trunk:
    - ObjectBox

EXTERNAL SOURCES:
  Flutter:
    :path: Flutter
  objectbox_flutter_libs:
    :path: ".symlinks/plugins/objectbox_flutter_libs/ios"

SPEC CHECKSUMS:
  Flutter: 71a624a5bc0c04062bf19101d501e466baf2fb47
  ObjectBox: a60820ec1c903702350585d8cc99c1268c99e688
  objectbox_flutter_libs: 9bfa6489919e9191d33d54dc25cec67ca416c13d

PODFILE CHECKSUM: 0615bfa6528e1161ac6dbd234f1a534ac706b37a

COCOAPODS: 1.16.2
